// !$*UTF8*$!
{
	archiveVersion = 1;
	classes = {
	};
	objectVersion = 56;
	objects = {

/* Begin PBXBuildFile section */
		079A63FB299F1A870067BC70 /* AppDelegate.swift in Sources */ = {isa = PBXBuildFile; fileRef = 079A63FA299F1A870067BC70 /* AppDelegate.swift */; };
		079A63FD299F1A870067BC70 /* ViewController.swift in Sources */ = {isa = PBXBuildFile; fileRef = 079A63FC299F1A870067BC70 /* ViewController.swift */; };
		079A63FF299F1A880067BC70 /* Assets.xcassets in Resources */ = {isa = PBXBuildFile; fileRef = 079A63FE299F1A880067BC70 /* Assets.xcassets */; };
		079A6402299F1A880067BC70 /* Main.storyboard in Resources */ = {isa = PBXBuildFile; fileRef = 079A6400299F1A880067BC70 /* Main.storyboard */; };
		079A640A299F2D640067BC70 /* Cube.swift in Sources */ = {isa = PBXBuildFile; fileRef = 079A6409299F2D640067BC70 /* Cube.swift */; };
		079A640C299F5A660067BC70 /* CubeView.swift in Sources */ = {isa = PBXBuildFile; fileRef = 079A640B299F5A660067BC70 /* CubeView.swift */; };
/* End PBXBuildFile section */

/* Begin PBXFileReference section */
		079A63F7299F1A870067BC70 /* Cube.app */ = {isa = PBXFileReference; explicitFileType = wrapper.application; includeInIndex = 0; path = Cube.app; sourceTree = BUILT_PRODUCTS_DIR; };
		079A63FA299F1A870067BC70 /* AppDelegate.swift */ = {isa = PBXFileReference; lastKnownFileType = sourcecode.swift; path = AppDelegate.swift; sourceTree = "<group>"; };
		079A63FC299F1A870067BC70 /* ViewController.swift */ = {isa = PBXFileReference; lastKnownFileType = sourcecode.swift; path = ViewController.swift; sourceTree = "<group>"; };
		079A63FE299F1A880067BC70 /* Assets.xcassets */ = {isa = PBXFileReference; lastKnownFileType = folder.assetcatalog; path = Assets.xcassets; sourceTree = "<group>"; };
		079A6401299F1A880067BC70 /* Base */ = {isa = PBXFileReference; lastKnownFileType = file.storyboard; name = Base; path = Base.lproj/Main.storyboard; sourceTree = "<group>"; };
		079A6403299F1A880067BC70 /* Cube.entitlements */ = {isa = PBXFileReference; lastKnownFileType = text.plist.entitlements; path = Cube.entitlements; sourceTree = "<group>"; };
		079A6409299F2D640067BC70 /* Cube.swift */ = {isa = PBXFileReference; lastKnownFileType = sourcecode.swift; path = Cube.swift; sourceTree = "<group>"; };
		079A640B299F5A660067BC70 /* CubeView.swift */ = {isa = PBXFileReference; lastKnownFileType = sourcecode.swift; path = CubeView.swift; sourceTree = "<group>"; };
/* End PBXFileReference section */

/* Begin PBXFrameworksBuildPhase section */
		079A63F4299F1A870067BC70 /* Frameworks */ = {
			isa = PBXFrameworksBuildPhase;
			buildActionMask = 2147483647;
			files = (
			);
			runOnlyForDeploymentPostprocessing = 0;
		};
/* End PBXFrameworksBuildPhase section */

/* Begin PBXGroup section */
		079A63EE299F1A870067BC70 = {
			isa = PBXGroup;
			children = (
				079A63F9299F1A870067BC70 /* Cube */,
				079A63F8299F1A870067BC70 /* Products */,
			);
			sourceTree = "<group>";
		};
		079A63F8299F1A870067BC70 /* Products */ = {
			isa = PBXGroup;
			children = (
				079A63F7299F1A870067BC70 /* Cube.app */,
			);
			name = Products;
			sourceTree = "<group>";
		};
		079A63F9299F1A870067BC70 /* Cube */ = {
			isa = PBXGroup;
			children = (
				079A63FA299F1A870067BC70 /* AppDelegate.swift */,
				079A63FC299F1A870067BC70 /* ViewController.swift */,
				079A6409299F2D640067BC70 /* Cube.swift */,
				079A640B299F5A660067BC70 /* CubeView.swift */,
				079A63FE299F1A880067BC70 /* Assets.xcassets */,
				079A6400299F1A880067BC70 /* Main.storyboard */,
				079A6403299F1A880067BC70 /* Cube.entitlements */,
			);
			path = Cube;
			sourceTree = "<group>";
		};
/* End PBXGroup section */

/* Begin PBXNativeTarget section */
		079A63F6299F1A870067BC70 /* Cube */ = {
			isa = PBXNativeTarget;
			buildConfigurationList = 079A6406299F1A880067BC70 /* Build configuration list for PBXNativeTarget "Cube" */;
			buildPhases = (
				079A63F3299F1A870067BC70 /* Sources */,
				079A63F4299F1A870067BC70 /* Frameworks */,
				079A63F5299F1A870067BC70 /* Resources */,
			);
			buildRules = (
			);
			dependencies = (
			);
			name = Cube;
			productName = Cube;
			productReference = 079A63F7299F1A870067BC70 /* Cube.app */;
			productType = "com.apple.product-type.application";
		};
/* End PBXNativeTarget section */

/* Begin PBXProject section */
		079A63EF299F1A870067BC70 /* Project object */ = {
			isa = PBXProject;
			attributes = {
				BuildIndependentTargetsInParallel = 1;
				LastSwiftUpdateCheck = 1420;
				LastUpgradeCheck = 1420;
				TargetAttributes = {
					079A63F6299F1A870067BC70 = {
						CreatedOnToolsVersion = 14.2;
					};
				};
			};
			buildConfigurationList = 079A63F2299F1A870067BC70 /* Build configuration list for PBXProject "Cube" */;
			compatibilityVersion = "Xcode 14.0";
			developmentRegion = en;
			hasScannedForEncodings = 0;
			knownRegions = (
				en,
				Base,
			);
			mainGroup = 079A63EE299F1A870067BC70;
			productRefGroup = 079A63F8299F1A870067BC70 /* Products */;
			projectDirPath = "";
			projectRoot = "";
			targets = (
				079A63F6299F1A870067BC70 /* Cube */,
			);
		};
/* End PBXProject section */

/* Begin PBXResourcesBuildPhase section */
		079A63F5299F1A870067BC70 /* Resources */ = {
			isa = PBXResourcesBuildPhase;
			buildActionMask = 2147483647;
			files = (
				079A63FF299F1A880067BC70 /* Assets.xcassets in Resources */,
				079A6402299F1A880067BC70 /* Main.storyboard in Resources */,
			);
			runOnlyForDeploymentPostprocessing = 0;
		};
/* End PBXResourcesBuildPhase section */

/* Begin PBXSourcesBuildPhase section */
		079A63F3299F1A870067BC70 /* Sources */ = {
			isa = PBXSourcesBuildPhase;
			buildActionMask = 2147483647;
			files = (
				079A63FD299F1A870067BC70 /* ViewController.swift in Sources */,
				079A63FB299F1A870067BC70 /* AppDelegate.swift in Sources */,
				079A640A299F2D640067BC70 /* Cube.swift in Sources */,
				079A640C299F5A660067BC70 /* CubeView.swift in Sources */,
			);
			runOnlyForDeploymentPostprocessing = 0;
		};
/* End PBXSourcesBuildPhase section */

/* Begin PBXVariantGroup section */
		079A6400299F1A880067BC70 /* Main.storyboard */ = {
			isa = PBXVariantGroup;
			children = (
				079A6401299F1A880067BC70 /* Base */,
			);
			name = Main.storyboard;
			sourceTree = "<group>";
		};
/* End PBXVariantGroup section */

/* Begin XCBuildConfiguration section */
		079A6404299F1A880067BC70 /* Debug */ = {
			isa = XCBuildConfiguration;
			buildSettings = {
				ALWAYS_SEARCH_USER_PATHS = NO;
				CLANG_ANALYZER_NONNULL = YES;
				CLANG_ANALYZER_NUMBER_OBJECT_CONVERSION = YES_AGGRESSIVE;
				CLANG_CXX_LANGUAGE_STANDARD = "gnu++20";
				CLANG_ENABLE_MODULES = YES;
				CLANG_ENABLE_OBJC_ARC = YES;
				CLANG_ENABLE_OBJC_WEAK = YES;
				CLANG_WARN_BLOCK_CAPTURE_AUTORELEASING = YES;
				CLANG_WARN_BOOL_CONVERSION = YES;
				CLANG_WARN_COMMA = YES;
				CLANG_WARN_CONSTANT_CONVERSION = YES;
				CLANG_WARN_DEPRECATED_OBJC_IMPLEMENTATIONS = YES;
				CLANG_WARN_DIRECT_OBJC_ISA_USAGE = YES_ERROR;
				CLANG_WARN_DOCUMENTATION_COMMENTS = YES;
				CLANG_WARN_EMPTY_BODY = YES;
				CLANG_WARN_ENUM_CONVERSION = YES;
				CLANG_WARN_INFINITE_RECURSION = YES;
				CLANG_WARN_INT_CONVERSION = YES;
				CLANG_WARN_NON_LITERAL_NULL_CONVERSION = YES;
				CLANG_WARN_OBJC_IMPLICIT_RETAIN_SELF = YES;
				CLANG_WARN_OBJC_LITERAL_CONVERSION = YES;
				CLANG_WARN_OBJC_ROOT_CLASS = YES_ERROR;
				CLANG_WARN_QUOTED_INCLUDE_IN_FRAMEWORK_HEADER = YES;
				CLANG_WARN_RANGE_LOOP_ANALYSIS = YES;
				CLANG_WARN_STRICT_PROTOTYPES = YES;
				CLANG_WARN_SUSPICIOUS_MOVE = YES;
				CLANG_WARN_UNGUARDED_AVAILABILITY = YES_AGGRESSIVE;
				CLANG_WARN_UNREACHABLE_CODE = YES;
				CLANG_WARN__DUPLICATE_METHOD_MATCH = YES;
				COPY_PHASE_STRIP = NO;
				DEBUG_INFORMATION_FORMAT = dwarf;
				ENABLE_STRICT_OBJC_MSGSEND = YES;
				ENABLE_TESTABILITY = YES;
				GCC_C_LANGUAGE_STANDARD = gnu11;
				GCC_DYNAMIC_NO_PIC = NO;
				GCC_NO_COMMON_BLOCKS = YES;
				GCC_OPTIMIZATION_LEVEL = 0;
				GCC_PREPROCESSOR_DEFINITIONS = (
					"DEBUG=1",
					"$(inherited)",
				);
				GCC_WARN_64_TO_32_BIT_CONVERSION = YES;
				GCC_WARN_ABOUT_RETURN_TYPE = YES_ERROR;
				GCC_WARN_UNDECLARED_SELECTOR = YES;
				GCC_WARN_UNINITIALIZED_AUTOS = YES_AGGRESSIVE;
				GCC_WARN_UNUSED_FUNCTION = YES;
				GCC_WARN_UNUSED_VARIABLE = YES;
				MACOSX_DEPLOYMENT_TARGET = 13.0;
				MTL_ENABLE_DEBUG_INFO = INCLUDE_SOURCE;
				MTL_FAST_MATH = YES;
				ONLY_ACTIVE_ARCH = YES;
				SDKROOT = macosx;
				SWIFT_ACTIVE_COMPILATION_CONDITIONS = DEBUG;
				SWIFT_OPTIMIZATION_LEVEL = "-Onone";
			};
			name = Debug;
		};
		079A6405299F1A880067BC70 /* Release */ = {
			isa = XCBuildConfiguration;
			buildSettings = {
				ALWAYS_SEARCH_USER_PATHS = NO;
				CLANG_ANALYZER_NONNULL = YES;
				CLANG_ANALYZER_NUMBER_OBJECT_CONVERSION = YES_AGGRESSIVE;
				CLANG_CXX_LANGUAGE_STANDARD = "gnu++20";
				CLANG_ENABLE_MODULES = YES;
				CLANG_ENABLE_OBJC_ARC = YES;
				CLANG_ENABLE_OBJC_WEAK = YES;
				CLANG_WARN_BLOCK_CAPTURE_AUTORELEASING = YES;
				CLANG_WARN_BOOL_CONVERSION = YES;
				CLANG_WARN_COMMA = YES;
				CLANG_WARN_CONSTANT_CONVERSION = YES;
				CLANG_WARN_DEPRECATED_OBJC_IMPLEMENTATIONS = YES;
				CLANG_WARN_DIRECT_OBJC_ISA_USAGE = YES_ERROR;
				CLANG_WARN_DOCUMENTATION_COMMENTS = YES;
				CLANG_WARN_EMPTY_BODY = YES;
				CLANG_WARN_ENUM_CONVERSION = YES;
				CLANG_WARN_INFINITE_RECURSION = YES;
				CLANG_WARN_INT_CONVERSION = YES;
				CLANG_WARN_NON_LITERAL_NULL_CONVERSION = YES;
				CLANG_WARN_OBJC_IMPLICIT_RETAIN_SELF = YES;
				CLANG_WARN_OBJC_LITERAL_CONVERSION = YES;
				CLANG_WARN_OBJC_ROOT_CLASS = YES_ERROR;
				CLANG_WARN_QUOTED_INCLUDE_IN_FRAMEWORK_HEADER = YES;
				CLANG_WARN_RANGE_LOOP_ANALYSIS = YES;
				CLANG_WARN_STRICT_PROTOTYPES = YES;
				CLANG_WARN_SUSPICIOUS_MOVE = YES;
				CLANG_WARN_UNGUARDED_AVAILABILITY = YES_AGGRESSIVE;
				CLANG_WARN_UNREACHABLE_CODE = YES;
				CLANG_WARN__DUPLICATE_METHOD_MATCH = YES;
				COPY_PHASE_STRIP = NO;
				DEBUG_INFORMATION_FORMAT = "dwarf-with-dsym";
				ENABLE_NS_ASSERTIONS = NO;
				ENABLE_STRICT_OBJC_MSGSEND = YES;
				GCC_C_LANGUAGE_STANDARD = gnu11;
				GCC_NO_COMMON_BLOCKS = YES;
				GCC_WARN_64_TO_32_BIT_CONVERSION = YES;
				GCC_WARN_ABOUT_RETURN_TYPE = YES_ERROR;
				GCC_WARN_UNDECLARED_SELECTOR = YES;
				GCC_WARN_UNINITIALIZED_AUTOS = YES_AGGRESSIVE;
				GCC_WARN_UNUSED_FUNCTION = YES;
				GCC_WARN_UNUSED_VARIABLE = YES;
				MACOSX_DEPLOYMENT_TARGET = 13.0;
				MTL_ENABLE_DEBUG_INFO = NO;
				MTL_FAST_MATH = YES;
				SDKROOT = macosx;
				SWIFT_COMPILATION_MODE = wholemodule;
				SWIFT_OPTIMIZATION_LEVEL = "-O";
			};
			name = Release;
		};
		079A6407299F1A880067BC70 /* Debug */ = {
			isa = XCBuildConfiguration;
			buildSettings = {
				ASSETCATALOG_COMPILER_APPICON_NAME = AppIcon;
				ASSETCATALOG_COMPILER_GLOBAL_ACCENT_COLOR_NAME = AccentColor;
				CODE_SIGN_ENTITLEMENTS = Cube/Cube.entitlements;
				CODE_SIGN_STYLE = Automatic;
				COMBINE_HIDPI_IMAGES = YES;
				CURRENT_PROJECT_VERSION = 1;
				GENERATE_INFOPLIST_FILE = YES;
				INFOPLIST_KEY_NSHumanReadableCopyright = "";
				INFOPLIST_KEY_NSMainStoryboardFile = Main;
				INFOPLIST_KEY_NSPrincipalClass = NSApplication;
				LD_RUNPATH_SEARCH_PATHS = (
					"$(inherited)",
					"@executable_path/../Frameworks",
				);
				MARKETING_VERSION = 1.0;
				PRODUCT_BUNDLE_IDENTIFIER = RS.Cube;
				PRODUCT_NAME = "$(TARGET_NAME)";
				SWIFT_EMIT_LOC_STRINGS = YES;
				SWIFT_VERSION = 5.0;
			};
			name = Debug;
		};
		079A6408299F1A880067BC70 /* Release */ = {
			isa = XCBuildConfiguration;
			buildSettings = {
				ASSETCATALOG_COMPILER_APPICON_NAME = AppIcon;
				ASSETCATALOG_COMPILER_GLOBAL_ACCENT_COLOR_NAME = AccentColor;
				CODE_SIGN_ENTITLEMENTS = Cube/Cube.entitlements;
				CODE_SIGN_STYLE = Automatic;
				COMBINE_HIDPI_IMAGES = YES;
				CURRENT_PROJECT_VERSION = 1;
				GENERATE_INFOPLIST_FILE = YES;
				INFOPLIST_KEY_NSHumanReadableCopyright = "";
				INFOPLIST_KEY_NSMainStoryboardFile = Main;
				INFOPLIST_KEY_NSPrincipalClass = NSApplication;
				LD_RUNPATH_SEARCH_PATHS = (
					"$(inherited)",
					"@executable_path/../Frameworks",
				);
				MARKETING_VERSION = 1.0;
				PRODUCT_BUNDLE_IDENTIFIER = RS.Cube;
				PRODUCT_NAME = "$(TARGET_NAME)";
				SWIFT_EMIT_LOC_STRINGS = YES;
				SWIFT_VERSION = 5.0;
			};
			name = Release;
		};
/* End XCBuildConfiguration section */

/* Begin XCConfigurationList section */
		079A63F2299F1A870067BC70 /* Build configuration list for PBXProject "Cube" */ = {
			isa = XCConfigurationList;
			buildConfigurations = (
				079A6404299F1A880067BC70 /* Debug */,
				079A6405299F1A880067BC70 /* Release */,
			);
			defaultConfigurationIsVisible = 0;
			defaultConfigurationName = Release;
		};
		079A6406299F1A880067BC70 /* Build configuration list for PBXNativeTarget "Cube" */ = {
			isa = XCConfigurationList;
			buildConfigurations = (
				079A6407299F1A880067BC70 /* Debug */,
				079A6408299F1A880067BC70 /* Release */,
			);
			defaultConfigurationIsVisible = 0;
			defaultConfigurationName = Release;
		};
/* End XCConfigurationList section */
	};
	rootObject = 079A63EF299F1A870067BC70 /* Project object */;
}
